PODS:
  - AmazonPublisherServicesSDK (4.5.5)
  - FairBidSDK (3.32.1)

DEPENDENCIES:
  - AmazonPublisherServicesSDK (= 4.5.5)
  - FairBidSDK (= 3.32.1)

SPEC REPOS:
  https://github.com/CocoaPods/Specs.git:
    - AmazonPublisherServicesSDK
    - FairBidSDK

SPEC CHECKSUMS:
  AmazonPublisherServicesSDK: a1e1dbf455266de502e0dfe6ed32111dc8456b6b
  FairBidSDK: cf653fd5fd450cd7b98cfad2e0b8715abb3b25f9

PODFILE CHECKSUM: c37b78f0be28db993b6f7cb5d26383f44763b717

COCOAPODS: 1.11.3
